
Microsoft Visual Studio Solution File, Format Version 12.00
# Visual Studio 15
VisualStudioVersion = 15.0.28010.2050
MinimumVisualStudioVersion = 10.0.40219.1
Project("{FAE04EC0-301F-11D3-BF4B-00C04F79EFBC}") = "SocketServer", "SocketServer\SocketServer.csproj", "{E5E5D204-1A63-49A8-B192-5CAEC6F6EEBD}"
EndProject
Project("{FAE04EC0-301F-11D3-BF4B-00C04F79EFBC}") = "SocketClient", "SocketClient\SocketClient.csproj", "{94AB0D80-3649-440C-9A88-527886F702F5}"
EndProject
Project("{FAE04EC0-301F-11D3-BF4B-00C04F79EFBC}") = "HamPig", "HamPig\HamPig.csproj", "{D80A491B-EAFD-4C0D-BC3F-193CF728F5C2}"
EndProject
Project("{2150E333-8FDC-42A3-9474-1A3956D46DE8}") = "Plugin", "Plugin", "{07CA6698-1151-453D-BA24-42CE8947E7FA}"
EndProject
Project("{2150E333-8FDC-42A3-9474-1A3956D46DE8}") = "Protobuf", "Protobuf", "{903A995B-AAC7-40BF-BD4E-232F00FC39BB}"
EndProject
Global
	GlobalSection(SolutionConfigurationPlatforms) = preSolution
		Debug|Any CPU = Debug|Any CPU
		Release|Any CPU = Release|Any CPU
	EndGlobalSection
	GlobalSection(ProjectConfigurationPlatforms) = postSolution
		{E5E5D204-1A63-49A8-B192-5CAEC6F6EEBD}.Debug|Any CPU.ActiveCfg = Debug|Any CPU
		{E5E5D204-1A63-49A8-B192-5CAEC6F6EEBD}.Debug|Any CPU.Build.0 = Debug|Any CPU
		{E5E5D204-1A63-49A8-B192-5CAEC6F6EEBD}.Release|Any CPU.ActiveCfg = Release|Any CPU
		{E5E5D204-1A63-49A8-B192-5CAEC6F6EEBD}.Release|Any CPU.Build.0 = Release|Any CPU
		{94AB0D80-3649-440C-9A88-527886F702F5}.Debug|Any CPU.ActiveCfg = Debug|Any CPU
		{94AB0D80-3649-440C-9A88-527886F702F5}.Debug|Any CPU.Build.0 = Debug|Any CPU
		{94AB0D80-3649-440C-9A88-527886F702F5}.Release|Any CPU.ActiveCfg = Release|Any CPU
		{94AB0D80-3649-440C-9A88-527886F702F5}.Release|Any CPU.Build.0 = Release|Any CPU
		{D80A491B-EAFD-4C0D-BC3F-193CF728F5C2}.Debug|Any CPU.ActiveCfg = Debug|Any CPU
		{D80A491B-EAFD-4C0D-BC3F-193CF728F5C2}.Debug|Any CPU.Build.0 = Debug|Any CPU
		{D80A491B-EAFD-4C0D-BC3F-193CF728F5C2}.Release|Any CPU.ActiveCfg = Release|Any CPU
		{D80A491B-EAFD-4C0D-BC3F-193CF728F5C2}.Release|Any CPU.Build.0 = Release|Any CPU
	EndGlobalSection
	GlobalSection(SolutionProperties) = preSolution
		HideSolutionNode = FALSE
	EndGlobalSection
	GlobalSection(NestedProjects) = preSolution
		{903A995B-AAC7-40BF-BD4E-232F00FC39BB} = {07CA6698-1151-453D-BA24-42CE8947E7FA}
	EndGlobalSection
	GlobalSection(ExtensibilityGlobals) = postSolution
		SolutionGuid = {79CD0043-D21D-4B03-A4DF-EAC33BC72D0C}
	EndGlobalSection
EndGlobal
